{
  "name": "eu-covid-certificate-js",
  "version": "0.1.0",
  "lockfileVersion": 2,
  "requires": true,
  "packages": {
    "": {
      "version": "0.1.0",
      "license": "MIT",
      "dependencies": {
        "base45": "^3.0.0",
        "cbor": "^7.0.5"
      }
    },
    "node_modules/@cto.af/textdecoder": {
      "version": "0.0.0",
      "resolved": "https://registry.npmjs.org/@cto.af/textdecoder/-/textdecoder-0.0.0.tgz",
      "integrity": "sha512-sJpx3F5xcVV/9jNYJQtvimo4Vfld/nD3ph+ZWtQzZ03Zo8rJC7QKQTRcIGS13Rcz80DwFNthCWMrd58vpY4ZAQ==",
      "engines": {
        "node": ">=4.9.1"
      }
    },
    "node_modules/base45": {
      "version": "3.0.0",
      "resolved": "https://registry.npmjs.org/base45/-/base45-3.0.0.tgz",
      "integrity": "sha512-SWayzDiUFaga+G3X/oL2XIDbjhdpmBGUqLU6T7zB89aNWYnEcfa36DIWW95rxn0sWAWbwrKcSyqcWw6AApYwsg=="
    },
    "node_modules/cbor": {
      "version": "7.0.5",
      "resolved": "https://registry.npmjs.org/cbor/-/cbor-7.0.5.tgz",
      "integrity": "sha512-0aaAPgW92lLmypb9iCd22k7tSD1FbF6dps8VQzmIBKY6ych2gO09b2vo/SbaLTmezJuB8Kh88Rvpl/Uq52mNZg==",
      "hasInstallScript": true,
      "dependencies": {
        "@cto.af/textdecoder": "^0.0.0",
        "nofilter": "^2.0.3"
      },
      "engines": {
        "node": ">=10.18.0"
      },
      "peerDependencies": {
        "bignumber.js": "^9.0.1"
      },
      "peerDependenciesMeta": {
        "bignumber.js": {
          "optional": true
        }
      }
    },
    "node_modules/nofilter": {
      "version": "2.0.3",
      "resolved": "https://registry.npmjs.org/nofilter/-/nofilter-2.0.3.tgz",
      "integrity": "sha512-FbuXC+lK+GU2+63D1kC1ETiZo+Z7SIi7B+mxKTCH1byrh6WFvfBCN/wpherFz0a0bjGd7EKTst/cz0yLeNngug==",
      "dependencies": {
        "@cto.af/textdecoder": "^0.0.0"
      },
      "engines": {
        "node": ">=10.18"
      }
    }
  },
  "dependencies": {
    "@cto.af/textdecoder": {
      "version": "0.0.0",
      "resolved": "https://registry.npmjs.org/@cto.af/textdecoder/-/textdecoder-0.0.0.tgz",
      "integrity": "sha512-sJpx3F5xcVV/9jNYJQtvimo4Vfld/nD3ph+ZWtQzZ03Zo8rJC7QKQTRcIGS13Rcz80DwFNthCWMrd58vpY4ZAQ=="
    },
    "base45": {
      "version": "3.0.0",
      "resolved": "https://registry.npmjs.org/base45/-/base45-3.0.0.tgz",
      "integrity": "sha512-SWayzDiUFaga+G3X/oL2XIDbjhdpmBGUqLU6T7zB89aNWYnEcfa36DIWW95rxn0sWAWbwrKcSyqcWw6AApYwsg=="
    },
    "cbor": {
      "version": "7.0.5",
      "resolved": "https://registry.npmjs.org/cbor/-/cbor-7.0.5.tgz",
      "integrity": "sha512-0aaAPgW92lLmypb9iCd22k7tSD1FbF6dps8VQzmIBKY6ych2gO09b2vo/SbaLTmezJuB8Kh88Rvpl/Uq52mNZg==",
      "requires": {
        "@cto.af/textdecoder": "^0.0.0",
        "nofilter": "^2.0.3"
      }
    },
    "nofilter": {
      "version": "2.0.3",
      "resolved": "https://registry.npmjs.org/nofilter/-/nofilter-2.0.3.tgz",
      "integrity": "sha512-FbuXC+lK+GU2+63D1kC1ETiZo+Z7SIi7B+mxKTCH1byrh6WFvfBCN/wpherFz0a0bjGd7EKTst/cz0yLeNngug==",
      "requires": {
        "@cto.af/textdecoder": "^0.0.0"
      }
    }
  }
}
